{
  "name": "marcalnpm",
  "version": "1.0.0",
  "lockfileVersion": 1,
  "requires": true,
  "dependencies": {
    "vue": {
      "version": "2.6.12",
      "resolved": "https://registry.npmjs.org/vue/-/vue-2.6.12.tgz",
      "integrity": "sha512-uhmLFETqPPNyuLLbsKz6ioJ4q7AZHzD8ZVFNATNyICSZouqP2Sz0rotWQC8UNBF6VGSCs5abnKJoStA6JbCbfg=="
    },
    "vue-currency-input": {
      "version": "1.22.5",
      "resolved": "https://registry.npmjs.org/vue-currency-input/-/vue-currency-input-1.22.5.tgz",
      "integrity": "sha512-CWR5zmtlbQ6lqXxlGP+lnv3Ctlqm/DTJ8B73gbyjOdSzf0XWfxcyZPKZXstv8lfbUN6MEWe7VSogkAauye137g=="
    }
  }
}
